
Microsoft Visual Studio Solution File, Format Version 12.00
# Visual Studio Version 16
VisualStudioVersion = 16.0.29306.81
MinimumVisualStudioVersion = 10.0.40219.1
Project("{FAE04EC0-301F-11D3-BF4B-00C04F79EFBC}") = "Задача6.1", "Задача6.1\Задача6.1.csproj", "{8F0D2943-5FE0-493F-8E0A-DC419025901A}"
EndProject
Global
	GlobalSection(SolutionConfigurationPlatforms) = preSolution
		Debug|Any CPU = Debug|Any CPU
		Release|Any CPU = Release|Any CPU
	EndGlobalSection
	GlobalSection(ProjectConfigurationPlatforms) = postSolution
		{8F0D2943-5FE0-493F-8E0A-DC419025901A}.Debug|Any CPU.ActiveCfg = Debug|Any CPU
		{8F0D2943-5FE0-493F-8E0A-DC419025901A}.Debug|Any CPU.Build.0 = Debug|Any CPU
		{8F0D2943-5FE0-493F-8E0A-DC419025901A}.Release|Any CPU.ActiveCfg = Release|Any CPU
		{8F0D2943-5FE0-493F-8E0A-DC419025901A}.Release|Any CPU.Build.0 = Release|Any CPU
	EndGlobalSection
	GlobalSection(SolutionProperties) = preSolution
		HideSolutionNode = FALSE
	EndGlobalSection
	GlobalSection(ExtensibilityGlobals) = postSolution
		SolutionGuid = {BFC2A7C3-4F19-411A-8255-D8BD72B85063}
	EndGlobalSection
EndGlobal
